// !$*UTF8*$!
{
	archiveVersion = 1;
	classes = {
	};
	objectVersion = 46;
	objects = {

/* Begin PBXBuildFile section */
		45695C6616CA188F00990400 /* MRDStateData.m in Sources */ = {isa = PBXBuildFile; fileRef = 45695C6516CA188F00990400 /* MRDStateData.m */; };
		45695C6A16CA1E7B00990400 /* MRDStateDetailViewController.m in Sources */ = {isa = PBXBuildFile; fileRef = 45695C6816CA1E7B00990400 /* MRDStateDetailViewController.m */; };
		45695C6B16CA1E7B00990400 /* MRDStateDetailViewController.xib in Resources */ = {isa = PBXBuildFile; fileRef = 45695C6916CA1E7B00990400 /* MRDStateDetailViewController.xib */; };
		45695C6E16CB4F5300990400 /* MRDStateFactory.m in Sources */ = {isa = PBXBuildFile; fileRef = 45695C6D16CB4F5300990400 /* MRDStateFactory.m */; };
		45695C7216CB6C5A00990400 /* NSArray+MRDExtensions.m in Sources */ = {isa = PBXBuildFile; fileRef = 45695C7116CB6C5A00990400 /* NSArray+MRDExtensions.m */; };
		4575991916C9E5DE00FFB11E /* UIKit.framework in Frameworks */ = {isa = PBXBuildFile; fileRef = 4575991816C9E5DE00FFB11E /* UIKit.framework */; };
		4575991B16C9E5DE00FFB11E /* Foundation.framework in Frameworks */ = {isa = PBXBuildFile; fileRef = 4575991A16C9E5DE00FFB11E /* Foundation.framework */; };
		4575991D16C9E5DE00FFB11E /* CoreGraphics.framework in Frameworks */ = {isa = PBXBuildFile; fileRef = 4575991C16C9E5DE00FFB11E /* CoreGraphics.framework */; };
		4575992316C9E5DE00FFB11E /* InfoPlist.strings in Resources */ = {isa = PBXBuildFile; fileRef = 4575992116C9E5DE00FFB11E /* InfoPlist.strings */; };
		4575992516C9E5DE00FFB11E /* main.m in Sources */ = {isa = PBXBuildFile; fileRef = 4575992416C9E5DE00FFB11E /* main.m */; };
		4575992916C9E5DE00FFB11E /* MRDAppDelegate.m in Sources */ = {isa = PBXBuildFile; fileRef = 4575992816C9E5DE00FFB11E /* MRDAppDelegate.m */; };
		4575992B16C9E5DE00FFB11E /* Default.png in Resources */ = {isa = PBXBuildFile; fileRef = 4575992A16C9E5DE00FFB11E /* Default.png */; };
		4575992D16C9E5DE00FFB11E /* Default@2x.png in Resources */ = {isa = PBXBuildFile; fileRef = 4575992C16C9E5DE00FFB11E /* Default@2x.png */; };
		4575992F16C9E5DF00FFB11E /* Default-568h@2x.png in Resources */ = {isa = PBXBuildFile; fileRef = 4575992E16C9E5DF00FFB11E /* Default-568h@2x.png */; };
		4575993216C9E5DF00FFB11E /* MRDStateListViewController.m in Sources */ = {isa = PBXBuildFile; fileRef = 4575993116C9E5DF00FFB11E /* MRDStateListViewController.m */; };
		4575993516C9E5DF00FFB11E /* MRDStateListViewController.xib in Resources */ = {isa = PBXBuildFile; fileRef = 4575993316C9E5DF00FFB11E /* MRDStateListViewController.xib */; };
		4575994016C9E5DF00FFB11E /* SenTestingKit.framework in Frameworks */ = {isa = PBXBuildFile; fileRef = 4575993F16C9E5DF00FFB11E /* SenTestingKit.framework */; };
		4575994116C9E5DF00FFB11E /* UIKit.framework in Frameworks */ = {isa = PBXBuildFile; fileRef = 4575991816C9E5DE00FFB11E /* UIKit.framework */; };
		4575994216C9E5DF00FFB11E /* Foundation.framework in Frameworks */ = {isa = PBXBuildFile; fileRef = 4575991A16C9E5DE00FFB11E /* Foundation.framework */; };
		4575994A16C9E5DF00FFB11E /* InfoPlist.strings in Resources */ = {isa = PBXBuildFile; fileRef = 4575994816C9E5DF00FFB11E /* InfoPlist.strings */; };
		4575994D16C9E5DF00FFB11E /* USA_Table_ViewTests.m in Sources */ = {isa = PBXBuildFile; fileRef = 4575994C16C9E5DF00FFB11E /* USA_Table_ViewTests.m */; };
		457599C016C9E5F500FFB11E /* alabama-200.png in Resources */ = {isa = PBXBuildFile; fileRef = 4575995916C9E5F500FFB11E /* alabama-200.png */; };
		457599C116C9E5F500FFB11E /* alaska-200.png in Resources */ = {isa = PBXBuildFile; fileRef = 4575995A16C9E5F500FFB11E /* alaska-200.png */; };
		457599C216C9E5F500FFB11E /* arizona-200.png in Resources */ = {isa = PBXBuildFile; fileRef = 4575995B16C9E5F500FFB11E /* arizona-200.png */; };
		457599C316C9E5F500FFB11E /* arkansas-200.png in Resources */ = {isa = PBXBuildFile; fileRef = 4575995C16C9E5F500FFB11E /* arkansas-200.png */; };
		457599C416C9E5F500FFB11E /* california-200.png in Resources */ = {isa = PBXBuildFile; fileRef = 4575995D16C9E5F500FFB11E /* california-200.png */; };
		457599C516C9E5F500FFB11E /* colorado-200.png in Resources */ = {isa = PBXBuildFile; fileRef = 4575995E16C9E5F500FFB11E /* colorado-200.png */; };
		457599C616C9E5F500FFB11E /* connecticut-200.png in Resources */ = {isa = PBXBuildFile; fileRef = 4575995F16C9E5F500FFB11E /* connecticut-200.png */; };
		457599C716C9E5F500FFB11E /* delaware-200.png in Resources */ = {isa = PBXBuildFile; fileRef = 4575996016C9E5F500FFB11E /* delaware-200.png */; };
		457599C816C9E5F500FFB11E /* florida-200.png in Resources */ = {isa = PBXBuildFile; fileRef = 4575996116C9E5F500FFB11E /* florida-200.png */; };
		457599C916C9E5F500FFB11E /* georgia-200.png in Resources */ = {isa = PBXBuildFile; fileRef = 4575996216C9E5F500FFB11E /* georgia-200.png */; };
		457599CA16C9E5F500FFB11E /* hawaii-200.png in Resources */ = {isa = PBXBuildFile; fileRef = 4575996316C9E5F500FFB11E /* hawaii-200.png */; };
		457599CB16C9E5F500FFB11E /* idaho-200.png in Resources */ = {isa = PBXBuildFile; fileRef = 4575996416C9E5F500FFB11E /* idaho-200.png */; };
		457599CC16C9E5F500FFB11E /* illinois-200.png in Resources */ = {isa = PBXBuildFile; fileRef = 4575996516C9E5F500FFB11E /* illinois-200.png */; };
		457599CD16C9E5F500FFB11E /* indiana-200.png in Resources */ = {isa = PBXBuildFile; fileRef = 4575996616C9E5F500FFB11E /* indiana-200.png */; };
		457599CE16C9E5F500FFB11E /* iowa-200.png in Resources */ = {isa = PBXBuildFile; fileRef = 4575996716C9E5F500FFB11E /* iowa-200.png */; };
		457599CF16C9E5F500FFB11E /* kansas-200.png in Resources */ = {isa = PBXBuildFile; fileRef = 4575996816C9E5F500FFB11E /* kansas-200.png */; };
		457599D016C9E5F500FFB11E /* kentucky-200.png in Resources */ = {isa = PBXBuildFile; fileRef = 4575996916C9E5F500FFB11E /* kentucky-200.png */; };
		457599D116C9E5F500FFB11E /* louisiana-200.png in Resources */ = {isa = PBXBuildFile; fileRef = 4575996A16C9E5F500FFB11E /* louisiana-200.png */; };
		457599D216C9E5F500FFB11E /* maine-200.png in Resources */ = {isa = PBXBuildFile; fileRef = 4575996B16C9E5F500FFB11E /* maine-200.png */; };
		457599D316C9E5F500FFB11E /* maryland-200.png in Resources */ = {isa = PBXBuildFile; fileRef = 4575996C16C9E5F500FFB11E /* maryland-200.png */; };
		457599D416C9E5F500FFB11E /* massachusetts-200.png in Resources */ = {isa = PBXBuildFile; fileRef = 4575996D16C9E5F500FFB11E /* massachusetts-200.png */; };
		457599D516C9E5F500FFB11E /* michigan-200.png in Resources */ = {isa = PBXBuildFile; fileRef = 4575996E16C9E5F500FFB11E /* michigan-200.png */; };
		457599D616C9E5F500FFB11E /* minnesota-200.png in Resources */ = {isa = PBXBuildFile; fileRef = 4575996F16C9E5F500FFB11E /* minnesota-200.png */; };
		457599D716C9E5F500FFB11E /* mississippi-200.png in Resources */ = {isa = PBXBuildFile; fileRef = 4575997016C9E5F500FFB11E /* mississippi-200.png */; };
		457599D816C9E5F500FFB11E /* missouri-200.png in Resources */ = {isa = PBXBuildFile; fileRef = 4575997116C9E5F500FFB11E /* missouri-200.png */; };
		457599D916C9E5F500FFB11E /* montana-200.png in Resources */ = {isa = PBXBuildFile; fileRef = 4575997216C9E5F500FFB11E /* montana-200.png */; };
		457599DA16C9E5F500FFB11E /* nebraska-200.png in Resources */ = {isa = PBXBuildFile; fileRef = 4575997316C9E5F500FFB11E /* nebraska-200.png */; };
		457599DB16C9E5F500FFB11E /* nevada-200.png in Resources */ = {isa = PBXBuildFile; fileRef = 4575997416C9E5F500FFB11E /* nevada-200.png */; };
		457599DC16C9E5F500FFB11E /* new_hampshire-200.png in Resources */ = {isa = PBXBuildFile; fileRef = 4575997516C9E5F500FFB11E /* new_hampshire-200.png */; };
		457599DD16C9E5F500FFB11E /* new_jersey-200.png in Resources */ = {isa = PBXBuildFile; fileRef = 4575997616C9E5F500FFB11E /* new_jersey-200.png */; };
		457599DE16C9E5F500FFB11E /* new_mexico-200.png in Resources */ = {isa = PBXBuildFile; fileRef = 4575997716C9E5F500FFB11E /* new_mexico-200.png */; };
		457599DF16C9E5F500FFB11E /* new_york-200.png in Resources */ = {isa = PBXBuildFile; fileRef = 4575997816C9E5F500FFB11E /* new_york-200.png */; };
		457599E016C9E5F500FFB11E /* north_carolina-200.png in Resources */ = {isa = PBXBuildFile; fileRef = 4575997916C9E5F500FFB11E /* north_carolina-200.png */; };
		457599E116C9E5F500FFB11E /* north_dakota-200.png in Resources */ = {isa = PBXBuildFile; fileRef = 4575997A16C9E5F500FFB11E /* north_dakota-200.png */; };
		457599E216C9E5F500FFB11E /* ohio-200.png in Resources */ = {isa = PBXBuildFile; fileRef = 4575997B16C9E5F500FFB11E /* ohio-200.png */; };
		457599E316C9E5F500FFB11E /* oklahoma-200.png in Resources */ = {isa = PBXBuildFile; fileRef = 4575997C16C9E5F500FFB11E /* oklahoma-200.png */; };
		457599E416C9E5F500FFB11E /* oregon-200.png in Resources */ = {isa = PBXBuildFile; fileRef = 4575997D16C9E5F500FFB11E /* oregon-200.png */; };
		457599E516C9E5F500FFB11E /* pennsylvania-200.png in Resources */ = {isa = PBXBuildFile; fileRef = 4575997E16C9E5F500FFB11E /* pennsylvania-200.png */; };
		457599E616C9E5F500FFB11E /* rhode_island-200.png in Resources */ = {isa = PBXBuildFile; fileRef = 4575997F16C9E5F500FFB11E /* rhode_island-200.png */; };
		457599E716C9E5F500FFB11E /* south_carolina-200.png in Resources */ = {isa = PBXBuildFile; fileRef = 4575998016C9E5F500FFB11E /* south_carolina-200.png */; };
		457599E816C9E5F500FFB11E /* south_dakota-200.png in Resources */ = {isa = PBXBuildFile; fileRef = 4575998116C9E5F500FFB11E /* south_dakota-200.png */; };
		457599E916C9E5F500FFB11E /* tennessee-200.png in Resources */ = {isa = PBXBuildFile; fileRef = 4575998216C9E5F500FFB11E /* tennessee-200.png */; };
		457599EA16C9E5F500FFB11E /* texas-200.png in Resources */ = {isa = PBXBuildFile; fileRef = 4575998316C9E5F500FFB11E /* texas-200.png */; };
		457599EB16C9E5F500FFB11E /* utah-200.png in Resources */ = {isa = PBXBuildFile; fileRef = 4575998416C9E5F500FFB11E /* utah-200.png */; };
		457599EC16C9E5F500FFB11E /* vermont-200.png in Resources */ = {isa = PBXBuildFile; fileRef = 4575998516C9E5F500FFB11E /* vermont-200.png */; };
		457599ED16C9E5F500FFB11E /* virginia-200.png in Resources */ = {isa = PBXBuildFile; fileRef = 4575998616C9E5F500FFB11E /* virginia-200.png */; };
		457599EE16C9E5F500FFB11E /* washington-200.png in Resources */ = {isa = PBXBuildFile; fileRef = 4575998716C9E5F500FFB11E /* washington-200.png */; };
		457599EF16C9E5F500FFB11E /* west_virginia-200.png in Resources */ = {isa = PBXBuildFile; fileRef = 4575998816C9E5F500FFB11E /* west_virginia-200.png */; };
		457599F016C9E5F500FFB11E /* wisconsin-200.png in Resources */ = {isa = PBXBuildFile; fileRef = 4575998916C9E5F500FFB11E /* wisconsin-200.png */; };
		457599F116C9E5F500FFB11E /* wyoming-200.png in Resources */ = {isa = PBXBuildFile; fileRef = 4575998A16C9E5F500FFB11E /* wyoming-200.png */; };
		457599F216C9E5F500FFB11E /* alabama-50.png in Resources */ = {isa = PBXBuildFile; fileRef = 4575998C16C9E5F500FFB11E /* alabama-50.png */; };
		457599F316C9E5F500FFB11E /* alaska-50.png in Resources */ = {isa = PBXBuildFile; fileRef = 4575998D16C9E5F500FFB11E /* alaska-50.png */; };
		457599F416C9E5F500FFB11E /* arizona-50.png in Resources */ = {isa = PBXBuildFile; fileRef = 4575998E16C9E5F500FFB11E /* arizona-50.png */; };
		457599F516C9E5F500FFB11E /* arkansas-50.png in Resources */ = {isa = PBXBuildFile; fileRef = 4575998F16C9E5F500FFB11E /* arkansas-50.png */; };
		457599F616C9E5F500FFB11E /* california-50.png in Resources */ = {isa = PBXBuildFile; fileRef = 4575999016C9E5F500FFB11E /* california-50.png */; };
		457599F716C9E5F500FFB11E /* colorado-50.png in Resources */ = {isa = PBXBuildFile; fileRef = 4575999116C9E5F500FFB11E /* colorado-50.png */; };
		457599F816C9E5F500FFB11E /* connecticut-50.png in Resources */ = {isa = PBXBuildFile; fileRef = 4575999216C9E5F500FFB11E /* connecticut-50.png */; };
		457599F916C9E5F500FFB11E /* delaware-50.png in Resources */ = {isa = PBXBuildFile; fileRef = 4575999316C9E5F500FFB11E /* delaware-50.png */; };
		457599FA16C9E5F500FFB11E /* florida-50.png in Resources */ = {isa = PBXBuildFile; fileRef = 4575999416C9E5F500FFB11E /* florida-50.png */; };
		457599FB16C9E5F500FFB11E /* georgia-50.png in Resources */ = {isa = PBXBuildFile; fileRef = 4575999516C9E5F500FFB11E /* georgia-50.png */; };
		457599FC16C9E5F500FFB11E /* hawaii-50.png in Resources */ = {isa = PBXBuildFile; fileRef = 4575999616C9E5F500FFB11E /* hawaii-50.png */; };
		457599FD16C9E5F500FFB11E /* idaho-50.png in Resources */ = {isa = PBXBuildFile; fileRef = 4575999716C9E5F500FFB11E /* idaho-50.png */; };
		457599FE16C9E5F500FFB11E /* illinois-50.png in Resources */ = {isa = PBXBuildFile; fileRef = 4575999816C9E5F500FFB11E /* illinois-50.png */; };
		457599FF16C9E5F500FFB11E /* indiana-50.png in Resources */ = {isa = PBXBuildFile; fileRef = 4575999916C9E5F500FFB11E /* indiana-50.png */; };
		45759A0016C9E5F500FFB11E /* iowa-50.png in Resources */ = {isa = PBXBuildFile; fileRef = 4575999A16C9E5F500FFB11E /* iowa-50.png */; };
		45759A0116C9E5F500FFB11E /* kansas-50.png in Resources */ = {isa = PBXBuildFile; fileRef = 4575999B16C9E5F500FFB11E /* kansas-50.png */; };
		45759A0216C9E5F500FFB11E /* kentucky-50.png in Resources */ = {isa = PBXBuildFile; fileRef = 4575999C16C9E5F500FFB11E /* kentucky-50.png */; };
		45759A0316C9E5F500FFB11E /* louisiana-50.png in Resources */ = {isa = PBXBuildFile; fileRef = 4575999D16C9E5F500FFB11E /* louisiana-50.png */; };
		45759A0416C9E5F500FFB11E /* maine-50.png in Resources */ = {isa = PBXBuildFile; fileRef = 4575999E16C9E5F500FFB11E /* maine-50.png */; };
		45759A0516C9E5F500FFB11E /* maryland-50.png in Resources */ = {isa = PBXBuildFile; fileRef = 4575999F16C9E5F500FFB11E /* maryland-50.png */; };
		45759A0616C9E5F500FFB11E /* massachusetts-50.png in Resources */ = {isa = PBXBuildFile; fileRef = 457599A016C9E5F500FFB11E /* massachusetts-50.png */; };
		45759A0716C9E5F500FFB11E /* michigan-50.png in Resources */ = {isa = PBXBuildFile; fileRef = 457599A116C9E5F500FFB11E /* michigan-50.png */; };
		45759A0816C9E5F500FFB11E /* minnesota-50.png in Resources */ = {isa = PBXBuildFile; fileRef = 457599A216C9E5F500FFB11E /* minnesota-50.png */; };
		45759A0916C9E5F500FFB11E /* mississippi-50.png in Resources */ = {isa = PBXBuildFile; fileRef = 457599A316C9E5F500FFB11E /* mississippi-50.png */; };
		45759A0A16C9E5F500FFB11E /* missouri-50.png in Resources */ = {isa = PBXBuildFile; fileRef = 457599A416C9E5F500FFB11E /* missouri-50.png */; };
		45759A0B16C9E5F500FFB11E /* montana-50.png in Resources */ = {isa = PBXBuildFile; fileRef = 457599A516C9E5F500FFB11E /* montana-50.png */; };
		45759A0C16C9E5F500FFB11E /* nebraska-50.png in Resources */ = {isa = PBXBuildFile; fileRef = 457599A616C9E5F500FFB11E /* nebraska-50.png */; };
		45759A0D16C9E5F500FFB11E /* nevada-50.png in Resources */ = {isa = PBXBuildFile; fileRef = 457599A716C9E5F500FFB11E /* nevada-50.png */; };
		45759A0E16C9E5F500FFB11E /* new_hampshire-50.png in Resources */ = {isa = PBXBuildFile; fileRef = 457599A816C9E5F500FFB11E /* new_hampshire-50.png */; };
		45759A0F16C9E5F500FFB11E /* new_jersey-50.png in Resources */ = {isa = PBXBuildFile; fileRef = 457599A916C9E5F500FFB11E /* new_jersey-50.png */; };
		45759A1016C9E5F500FFB11E /* new_mexico-50.png in Resources */ = {isa = PBXBuildFile; fileRef = 457599AA16C9E5F500FFB11E /* new_mexico-50.png */; };
		45759A1116C9E5F500FFB11E /* new_york-50.png in Resources */ = {isa = PBXBuildFile; fileRef = 457599AB16C9E5F500FFB11E /* new_york-50.png */; };
		45759A1216C9E5F500FFB11E /* north_carolina-50.png in Resources */ = {isa = PBXBuildFile; fileRef = 457599AC16C9E5F500FFB11E /* north_carolina-50.png */; };
		45759A1316C9E5F500FFB11E /* north_dakota-50.png in Resources */ = {isa = PBXBuildFile; fileRef = 457599AD16C9E5F500FFB11E /* north_dakota-50.png */; };
		45759A1416C9E5F500FFB11E /* ohio-50.png in Resources */ = {isa = PBXBuildFile; fileRef = 457599AE16C9E5F500FFB11E /* ohio-50.png */; };
		45759A1516C9E5F500FFB11E /* oklahoma-50.png in Resources */ = {isa = PBXBuildFile; fileRef = 457599AF16C9E5F500FFB11E /* oklahoma-50.png */; };
		45759A1616C9E5F500FFB11E /* oregon-50.png in Resources */ = {isa = PBXBuildFile; fileRef = 457599B016C9E5F500FFB11E /* oregon-50.png */; };
		45759A1716C9E5F500FFB11E /* pennsylvania-50.png in Resources */ = {isa = PBXBuildFile; fileRef = 457599B116C9E5F500FFB11E /* pennsylvania-50.png */; };
		45759A1816C9E5F500FFB11E /* rhode_island-50.png in Resources */ = {isa = PBXBuildFile; fileRef = 457599B216C9E5F500FFB11E /* rhode_island-50.png */; };
		45759A1916C9E5F500FFB11E /* south_carolina-50.png in Resources */ = {isa = PBXBuildFile; fileRef = 457599B316C9E5F500FFB11E /* south_carolina-50.png */; };
		45759A1A16C9E5F500FFB11E /* south_dakota-50.png in Resources */ = {isa = PBXBuildFile; fileRef = 457599B416C9E5F500FFB11E /* south_dakota-50.png */; };
		45759A1B16C9E5F500FFB11E /* tennessee-50.png in Resources */ = {isa = PBXBuildFile; fileRef = 457599B516C9E5F500FFB11E /* tennessee-50.png */; };
		45759A1C16C9E5F500FFB11E /* texas-50.png in Resources */ = {isa = PBXBuildFile; fileRef = 457599B616C9E5F500FFB11E /* texas-50.png */; };
		45759A1D16C9E5F500FFB11E /* utah-50.png in Resources */ = {isa = PBXBuildFile; fileRef = 457599B716C9E5F500FFB11E /* utah-50.png */; };
		45759A1E16C9E5F500FFB11E /* vermont-50.png in Resources */ = {isa = PBXBuildFile; fileRef = 457599B816C9E5F500FFB11E /* vermont-50.png */; };
		45759A1F16C9E5F500FFB11E /* virginia-50.png in Resources */ = {isa = PBXBuildFile; fileRef = 457599B916C9E5F500FFB11E /* virginia-50.png */; };
		45759A2016C9E5F500FFB11E /* washington-50.png in Resources */ = {isa = PBXBuildFile; fileRef = 457599BA16C9E5F500FFB11E /* washington-50.png */; };
		45759A2116C9E5F500FFB11E /* west_virginia-50.png in Resources */ = {isa = PBXBuildFile; fileRef = 457599BB16C9E5F500FFB11E /* west_virginia-50.png */; };
		45759A2216C9E5F500FFB11E /* wisconsin-50.png in Resources */ = {isa = PBXBuildFile; fileRef = 457599BC16C9E5F500FFB11E /* wisconsin-50.png */; };
		45759A2316C9E5F500FFB11E /* wyoming-50.png in Resources */ = {isa = PBXBuildFile; fileRef = 457599BD16C9E5F500FFB11E /* wyoming-50.png */; };
		45759A2416C9E5F500FFB11E /* states.plist in Resources */ = {isa = PBXBuildFile; fileRef = 457599BE16C9E5F500FFB11E /* states.plist */; };
/* End PBXBuildFile section */

/* Begin PBXContainerItemProxy section */
		4575994316C9E5DF00FFB11E /* PBXContainerItemProxy */ = {
			isa = PBXContainerItemProxy;
			containerPortal = 4575990D16C9E5DE00FFB11E /* Project object */;
			proxyType = 1;
			remoteGlobalIDString = 4575991416C9E5DE00FFB11E;
			remoteInfo = USA_Table_View;
		};
/* End PBXContainerItemProxy section */

/* Begin PBXFileReference section */
		45695C6416CA188E00990400 /* MRDStateData.h */ = {isa = PBXFileReference; fileEncoding = 4; lastKnownFileType = sourcecode.c.h; path = MRDStateData.h; sourceTree = "<group>"; };
		45695C6516CA188F00990400 /* MRDStateData.m */ = {isa = PBXFileReference; fileEncoding = 4; lastKnownFileType = sourcecode.c.objc; path = MRDStateData.m; sourceTree = "<group>"; };
		45695C6716CA1E7B00990400 /* MRDStateDetailViewController.h */ = {isa = PBXFileReference; fileEncoding = 4; lastKnownFileType = sourcecode.c.h; path = MRDStateDetailViewController.h; sourceTree = "<group>"; };
		45695C6816CA1E7B00990400 /* MRDStateDetailViewController.m */ = {isa = PBXFileReference; fileEncoding = 4; lastKnownFileType = sourcecode.c.objc; path = MRDStateDetailViewController.m; sourceTree = "<group>"; };
		45695C6916CA1E7B00990400 /* MRDStateDetailViewController.xib */ = {isa = PBXFileReference; fileEncoding = 4; lastKnownFileType = file.xib; path = MRDStateDetailViewController.xib; sourceTree = "<group>"; };
		45695C6C16CB4F5300990400 /* MRDStateFactory.h */ = {isa = PBXFileReference; fileEncoding = 4; lastKnownFileType = sourcecode.c.h; path = MRDStateFactory.h; sourceTree = "<group>"; };
		45695C6D16CB4F5300990400 /* MRDStateFactory.m */ = {isa = PBXFileReference; fileEncoding = 4; lastKnownFileType = sourcecode.c.objc; path = MRDStateFactory.m; sourceTree = "<group>"; };
		45695C7016CB6C5A00990400 /* NSArray+MRDExtensions.h */ = {isa = PBXFileReference; fileEncoding = 4; lastKnownFileType = sourcecode.c.h; path = "NSArray+MRDExtensions.h"; sourceTree = "<group>"; };
		45695C7116CB6C5A00990400 /* NSArray+MRDExtensions.m */ = {isa = PBXFileReference; fileEncoding = 4; lastKnownFileType = sourcecode.c.objc; path = "NSArray+MRDExtensions.m"; sourceTree = "<group>"; };
		4575991516C9E5DE00FFB11E /* USA_Table_View.app */ = {isa = PBXFileReference; explicitFileType = wrapper.application; includeInIndex = 0; path = USA_Table_View.app; sourceTree = BUILT_PRODUCTS_DIR; };
		4575991816C9E5DE00FFB11E /* UIKit.framework */ = {isa = PBXFileReference; lastKnownFileType = wrapper.framework; name = UIKit.framework; path = System/Library/Frameworks/UIKit.framework; sourceTree = SDKROOT; };
		4575991A16C9E5DE00FFB11E /* Foundation.framework */ = {isa = PBXFileReference; lastKnownFileType = wrapper.framework; name = Foundation.framework; path = System/Library/Frameworks/Foundation.framework; sourceTree = SDKROOT; };
		4575991C16C9E5DE00FFB11E /* CoreGraphics.framework */ = {isa = PBXFileReference; lastKnownFileType = wrapper.framework; name = CoreGraphics.framework; path = System/Library/Frameworks/CoreGraphics.framework; sourceTree = SDKROOT; };
		4575992016C9E5DE00FFB11E /* USA_Table_View-Info.plist */ = {isa = PBXFileReference; lastKnownFileType = text.plist.xml; path = "USA_Table_View-Info.plist"; sourceTree = "<group>"; };
		4575992216C9E5DE00FFB11E /* en */ = {isa = PBXFileReference; lastKnownFileType = text.plist.strings; name = en; path = en.lproj/InfoPlist.strings; sourceTree = "<group>"; };
		4575992416C9E5DE00FFB11E /* main.m */ = {isa = PBXFileReference; lastKnownFileType = sourcecode.c.objc; path = main.m; sourceTree = "<group>"; };
		4575992616C9E5DE00FFB11E /* USA_Table_View-Prefix.pch */ = {isa = PBXFileReference; lastKnownFileType = sourcecode.c.h; path = "USA_Table_View-Prefix.pch"; sourceTree = "<group>"; };
		4575992716C9E5DE00FFB11E /* MRDAppDelegate.h */ = {isa = PBXFileReference; lastKnownFileType = sourcecode.c.h; path = MRDAppDelegate.h; sourceTree = "<group>"; };
		4575992816C9E5DE00FFB11E /* MRDAppDelegate.m */ = {isa = PBXFileReference; lastKnownFileType = sourcecode.c.objc; path = MRDAppDelegate.m; sourceTree = "<group>"; };
		4575992A16C9E5DE00FFB11E /* Default.png */ = {isa = PBXFileReference; lastKnownFileType = image.png; path = Default.png; sourceTree = "<group>"; };
		4575992C16C9E5DE00FFB11E /* Default@2x.png */ = {isa = PBXFileReference; lastKnownFileType = image.png; path = "Default@2x.png"; sourceTree = "<group>"; };
		4575992E16C9E5DF00FFB11E /* Default-568h@2x.png */ = {isa = PBXFileReference; lastKnownFileType = image.png; path = "Default-568h@2x.png"; sourceTree = "<group>"; };
		4575993016C9E5DF00FFB11E /* MRDStateListViewController.h */ = {isa = PBXFileReference; lastKnownFileType = sourcecode.c.h; path = MRDStateListViewController.h; sourceTree = "<group>"; };
		4575993116C9E5DF00FFB11E /* MRDStateListViewController.m */ = {isa = PBXFileReference; lastKnownFileType = sourcecode.c.objc; path = MRDStateListViewController.m; sourceTree = "<group>"; };
		4575993416C9E5DF00FFB11E /* en */ = {isa = PBXFileReference; lastKnownFileType = file.xib; name = en; path = en.lproj/MRDStateListViewController.xib; sourceTree = "<group>"; };
		4575993E16C9E5DF00FFB11E /* USA_Table_ViewTests.octest */ = {isa = PBXFileReference; explicitFileType = wrapper.cfbundle; includeInIndex = 0; path = USA_Table_ViewTests.octest; sourceTree = BUILT_PRODUCTS_DIR; };
		4575993F16C9E5DF00FFB11E /* SenTestingKit.framework */ = {isa = PBXFileReference; lastKnownFileType = wrapper.framework; name = SenTestingKit.framework; path = Library/Frameworks/SenTestingKit.framework; sourceTree = DEVELOPER_DIR; };
		4575994716C9E5DF00FFB11E /* USA_Table_ViewTests-Info.plist */ = {isa = PBXFileReference; lastKnownFileType = text.plist.xml; path = "USA_Table_ViewTests-Info.plist"; sourceTree = "<group>"; };
		4575994916C9E5DF00FFB11E /* en */ = {isa = PBXFileReference; lastKnownFileType = text.plist.strings; name = en; path = en.lproj/InfoPlist.strings; sourceTree = "<group>"; };
		4575994B16C9E5DF00FFB11E /* USA_Table_ViewTests.h */ = {isa = PBXFileReference; lastKnownFileType = sourcecode.c.h; path = USA_Table_ViewTests.h; sourceTree = "<group>"; };
		4575994C16C9E5DF00FFB11E /* USA_Table_ViewTests.m */ = {isa = PBXFileReference; lastKnownFileType = sourcecode.c.objc; path = USA_Table_ViewTests.m; sourceTree = "<group>"; };
		4575995916C9E5F500FFB11E /* alabama-200.png */ = {isa = PBXFileReference; lastKnownFileType = image.png; path = "alabama-200.png"; sourceTree = "<group>"; };
		4575995A16C9E5F500FFB11E /* alaska-200.png */ = {isa = PBXFileReference; lastKnownFileType = image.png; path = "alaska-200.png"; sourceTree = "<group>"; };
		4575995B16C9E5F500FFB11E /* arizona-200.png */ = {isa = PBXFileReference; lastKnownFileType = image.png; path = "arizona-200.png"; sourceTree = "<group>"; };
		4575995C16C9E5F500FFB11E /* arkansas-200.png */ = {isa = PBXFileReference; lastKnownFileType = image.png; path = "arkansas-200.png"; sourceTree = "<group>"; };
		4575995D16C9E5F500FFB11E /* california-200.png */ = {isa = PBXFileReference; lastKnownFileType = image.png; path = "california-200.png"; sourceTree = "<group>"; };
		4575995E16C9E5F500FFB11E /* colorado-200.png */ = {isa = PBXFileReference; lastKnownFileType = image.png; path = "colorado-200.png"; sourceTree = "<group>"; };
		4575995F16C9E5F500FFB11E /* connecticut-200.png */ = {isa = PBXFileReference; lastKnownFileType = image.png; path = "connecticut-200.png"; sourceTree = "<group>"; };
		4575996016C9E5F500FFB11E /* delaware-200.png */ = {isa = PBXFileReference; lastKnownFileType = image.png; path = "delaware-200.png"; sourceTree = "<group>"; };
		4575996116C9E5F500FFB11E /* florida-200.png */ = {isa = PBXFileReference; lastKnownFileType = image.png; path = "florida-200.png"; sourceTree = "<group>"; };
		4575996216C9E5F500FFB11E /* georgia-200.png */ = {isa = PBXFileReference; lastKnownFileType = image.png; path = "georgia-200.png"; sourceTree = "<group>"; };
		4575996316C9E5F500FFB11E /* hawaii-200.png */ = {isa = PBXFileReference; lastKnownFileType = image.png; path = "hawaii-200.png"; sourceTree = "<group>"; };
		4575996416C9E5F500FFB11E /* idaho-200.png */ = {isa = PBXFileReference; lastKnownFileType = image.png; path = "idaho-200.png"; sourceTree = "<group>"; };
		4575996516C9E5F500FFB11E /* illinois-200.png */ = {isa = PBXFileReference; lastKnownFileType = image.png; path = "illinois-200.png"; sourceTree = "<group>"; };
		4575996616C9E5F500FFB11E /* indiana-200.png */ = {isa = PBXFileReference; lastKnownFileType = image.png; path = "indiana-200.png"; sourceTree = "<group>"; };
		4575996716C9E5F500FFB11E /* iowa-200.png */ = {isa = PBXFileReference; lastKnownFileType = image.png; path = "iowa-200.png"; sourceTree = "<group>"; };
		4575996816C9E5F500FFB11E /* kansas-200.png */ = {isa = PBXFileReference; lastKnownFileType = image.png; path = "kansas-200.png"; sourceTree = "<group>"; };
		4575996916C9E5F500FFB11E /* kentucky-200.png */ = {isa = PBXFileReference; lastKnownFileType = image.png; path = "kentucky-200.png"; sourceTree = "<group>"; };
		4575996A16C9E5F500FFB11E /* louisiana-200.png */ = {isa = PBXFileReference; lastKnownFileType = image.png; path = "louisiana-200.png"; sourceTree = "<group>"; };
		4575996B16C9E5F500FFB11E /* maine-200.png */ = {isa = PBXFileReference; lastKnownFileType = image.png; path = "maine-200.png"; sourceTree = "<group>"; };
		4575996C16C9E5F500FFB11E /* maryland-200.png */ = {isa = PBXFileReference; lastKnownFileType = image.png; path = "maryland-200.png"; sourceTree = "<group>"; };
		4575996D16C9E5F500FFB11E /* massachusetts-200.png */ = {isa = PBXFileReference; lastKnownFileType = image.png; path = "massachusetts-200.png"; sourceTree = "<group>"; };
		4575996E16C9E5F500FFB11E /* michigan-200.png */ = {isa = PBXFileReference; lastKnownFileType = image.png; path = "michigan-200.png"; sourceTree = "<group>"; };
		4575996F16C9E5F500FFB11E /* minnesota-200.png */ = {isa = PBXFileReference; lastKnownFileType = image.png; path = "minnesota-200.png"; sourceTree = "<group>"; };
		4575997016C9E5F500FFB11E /* mississippi-200.png */ = {isa = PBXFileReference; lastKnownFileType = image.png; path = "mississippi-200.png"; sourceTree = "<group>"; };
		4575997116C9E5F500FFB11E /* missouri-200.png */ = {isa = PBXFileReference; lastKnownFileType = image.png; path = "missouri-200.png"; sourceTree = "<group>"; };
		4575997216C9E5F500FFB11E /* montana-200.png */ = {isa = PBXFileReference; lastKnownFileType = image.png; path = "montana-200.png"; sourceTree = "<group>"; };
		4575997316C9E5F500FFB11E /* nebraska-200.png */ = {isa = PBXFileReference; lastKnownFileType = image.png; path = "nebraska-200.png"; sourceTree = "<group>"; };
		4575997416C9E5F500FFB11E /* nevada-200.png */ = {isa = PBXFileReference; lastKnownFileType = image.png; path = "nevada-200.png"; sourceTree = "<group>"; };
		4575997516C9E5F500FFB11E /* new_hampshire-200.png */ = {isa = PBXFileReference; lastKnownFileType = image.png; path = "new_hampshire-200.png"; sourceTree = "<group>"; };
		4575997616C9E5F500FFB11E /* new_jersey-200.png */ = {isa = PBXFileReference; lastKnownFileType = image.png; path = "new_jersey-200.png"; sourceTree = "<group>"; };
		4575997716C9E5F500FFB11E /* new_mexico-200.png */ = {isa = PBXFileReference; lastKnownFileType = image.png; path = "new_mexico-200.png"; sourceTree = "<group>"; };
		4575997816C9E5F500FFB11E /* new_york-200.png */ = {isa = PBXFileReference; lastKnownFileType = image.png; path = "new_york-200.png"; sourceTree = "<group>"; };
		4575997916C9E5F500FFB11E /* north_carolina-200.png */ = {isa = PBXFileReference; lastKnownFileType = image.png; path = "north_carolina-200.png"; sourceTree = "<group>"; };
		4575997A16C9E5F500FFB11E /* north_dakota-200.png */ = {isa = PBXFileReference; lastKnownFileType = image.png; path = "north_dakota-200.png"; sourceTree = "<group>"; };
		4575997B16C9E5F500FFB11E /* ohio-200.png */ = {isa = PBXFileReference; lastKnownFileType = image.png; path = "ohio-200.png"; sourceTree = "<group>"; };
		4575997C16C9E5F500FFB11E /* oklahoma-200.png */ = {isa = PBXFileReference; lastKnownFileType = image.png; path = "oklahoma-200.png"; sourceTree = "<group>"; };
		4575997D16C9E5F500FFB11E /* oregon-200.png */ = {isa = PBXFileReference; lastKnownFileType = image.png; path = "oregon-200.png"; sourceTree = "<group>"; };
		4575997E16C9E5F500FFB11E /* pennsylvania-200.png */ = {isa = PBXFileReference; lastKnownFileType = image.png; path = "pennsylvania-200.png"; sourceTree = "<group>"; };
		4575997F16C9E5F500FFB11E /* rhode_island-200.png */ = {isa = PBXFileReference; lastKnownFileType = image.png; path = "rhode_island-200.png"; sourceTree = "<group>"; };
		4575998016C9E5F500FFB11E /* south_carolina-200.png */ = {isa = PBXFileReference; lastKnownFileType = image.png; path = "south_carolina-200.png"; sourceTree = "<group>"; };
		4575998116C9E5F500FFB11E /* south_dakota-200.png */ = {isa = PBXFileReference; lastKnownFileType = image.png; path = "south_dakota-200.png"; sourceTree = "<group>"; };
		4575998216C9E5F500FFB11E /* tennessee-200.png */ = {isa = PBXFileReference; lastKnownFileType = image.png; path = "tennessee-200.png"; sourceTree = "<group>"; };
		4575998316C9E5F500FFB11E /* texas-200.png */ = {isa = PBXFileReference; lastKnownFileType = image.png; path = "texas-200.png"; sourceTree = "<group>"; };
		4575998416C9E5F500FFB11E /* utah-200.png */ = {isa = PBXFileReference; lastKnownFileType = image.png; path = "utah-200.png"; sourceTree = "<group>"; };
		4575998516C9E5F500FFB11E /* vermont-200.png */ = {isa = PBXFileReference; lastKnownFileType = image.png; path = "vermont-200.png"; sourceTree = "<group>"; };
		4575998616C9E5F500FFB11E /* virginia-200.png */ = {isa = PBXFileReference; lastKnownFileType = image.png; path = "virginia-200.png"; sourceTree = "<group>"; };
		4575998716C9E5F500FFB11E /* washington-200.png */ = {isa = PBXFileReference; lastKnownFileType = image.png; path = "washington-200.png"; sourceTree = "<group>"; };
		4575998816C9E5F500FFB11E /* west_virginia-200.png */ = {isa = PBXFileReference; lastKnownFileType = image.png; path = "west_virginia-200.png"; sourceTree = "<group>"; };
		4575998916C9E5F500FFB11E /* wisconsin-200.png */ = {isa = PBXFileReference; lastKnownFileType = image.png; path = "wisconsin-200.png"; sourceTree = "<group>"; };
		4575998A16C9E5F500FFB11E /* wyoming-200.png */ = {isa = PBXFileReference; lastKnownFileType = image.png; path = "wyoming-200.png"; sourceTree = "<group>"; };
		4575998C16C9E5F500FFB11E /* alabama-50.png */ = {isa = PBXFileReference; lastKnownFileType = image.png; path = "alabama-50.png"; sourceTree = "<group>"; };
		4575998D16C9E5F500FFB11E /* alaska-50.png */ = {isa = PBXFileReference; lastKnownFileType = image.png; path = "alaska-50.png"; sourceTree = "<group>"; };
		4575998E16C9E5F500FFB11E /* arizona-50.png */ = {isa = PBXFileReference; lastKnownFileType = image.png; path = "arizona-50.png"; sourceTree = "<group>"; };
		4575998F16C9E5F500FFB11E /* arkansas-50.png */ = {isa = PBXFileReference; lastKnownFileType = image.png; path = "arkansas-50.png"; sourceTree = "<group>"; };
		4575999016C9E5F500FFB11E /* california-50.png */ = {isa = PBXFileReference; lastKnownFileType = image.png; path = "california-50.png"; sourceTree = "<group>"; };
		4575999116C9E5F500FFB11E /* colorado-50.png */ = {isa = PBXFileReference; lastKnownFileType = image.png; path = "colorado-50.png"; sourceTree = "<group>"; };
		4575999216C9E5F500FFB11E /* connecticut-50.png */ = {isa = PBXFileReference; lastKnownFileType = image.png; path = "connecticut-50.png"; sourceTree = "<group>"; };
		4575999316C9E5F500FFB11E /* delaware-50.png */ = {isa = PBXFileReference; lastKnownFileType = image.png; path = "delaware-50.png"; sourceTree = "<group>"; };
		4575999416C9E5F500FFB11E /* florida-50.png */ = {isa = PBXFileReference; lastKnownFileType = image.png; path = "florida-50.png"; sourceTree = "<group>"; };
		4575999516C9E5F500FFB11E /* georgia-50.png */ = {isa = PBXFileReference; lastKnownFileType = image.png; path = "georgia-50.png"; sourceTree = "<group>"; };
		4575999616C9E5F500FFB11E /* hawaii-50.png */ = {isa = PBXFileReference; lastKnownFileType = image.png; path = "hawaii-50.png"; sourceTree = "<group>"; };
		4575999716C9E5F500FFB11E /* idaho-50.png */ = {isa = PBXFileReference; lastKnownFileType = image.png; path = "idaho-50.png"; sourceTree = "<group>"; };
		4575999816C9E5F500FFB11E /* illinois-50.png */ = {isa = PBXFileReference; lastKnownFileType = image.png; path = "illinois-50.png"; sourceTree = "<group>"; };
		4575999916C9E5F500FFB11E /* indiana-50.png */ = {isa = PBXFileReference; lastKnownFileType = image.png; path = "indiana-50.png"; sourceTree = "<group>"; };
		4575999A16C9E5F500FFB11E /* iowa-50.png */ = {isa = PBXFileReference; lastKnownFileType = image.png; path = "iowa-50.png"; sourceTree = "<group>"; };
		4575999B16C9E5F500FFB11E /* kansas-50.png */ = {isa = PBXFileReference; lastKnownFileType = image.png; path = "kansas-50.png"; sourceTree = "<group>"; };
		4575999C16C9E5F500FFB11E /* kentucky-50.png */ = {isa = PBXFileReference; lastKnownFileType = image.png; path = "kentucky-50.png"; sourceTree = "<group>"; };
		4575999D16C9E5F500FFB11E /* louisiana-50.png */ = {isa = PBXFileReference; lastKnownFileType = image.png; path = "louisiana-50.png"; sourceTree = "<group>"; };
		4575999E16C9E5F500FFB11E /* maine-50.png */ = {isa = PBXFileReference; lastKnownFileType = image.png; path = "maine-50.png"; sourceTree = "<group>"; };
		4575999F16C9E5F500FFB11E /* maryland-50.png */ = {isa = PBXFileReference; lastKnownFileType = image.png; path = "maryland-50.png"; sourceTree = "<group>"; };
		457599A016C9E5F500FFB11E /* massachusetts-50.png */ = {isa = PBXFileReference; lastKnownFileType = image.png; path = "massachusetts-50.png"; sourceTree = "<group>"; };
		457599A116C9E5F500FFB11E /* michigan-50.png */ = {isa = PBXFileReference; lastKnownFileType = image.png; path = "michigan-50.png"; sourceTree = "<group>"; };
		457599A216C9E5F500FFB11E /* minnesota-50.png */ = {isa = PBXFileReference; lastKnownFileType = image.png; path = "minnesota-50.png"; sourceTree = "<group>"; };
		457599A316C9E5F500FFB11E /* mississippi-50.png */ = {isa = PBXFileReference; lastKnownFileType = image.png; path = "mississippi-50.png"; sourceTree = "<group>"; };
		457599A416C9E5F500FFB11E /* missouri-50.png */ = {isa = PBXFileReference; lastKnownFileType = image.png; path = "missouri-50.png"; sourceTree = "<group>"; };
		457599A516C9E5F500FFB11E /* montana-50.png */ = {isa = PBXFileReference; lastKnownFileType = image.png; path = "montana-50.png"; sourceTree = "<group>"; };
		457599A616C9E5F500FFB11E /* nebraska-50.png */ = {isa = PBXFileReference; lastKnownFileType = image.png; path = "nebraska-50.png"; sourceTree = "<group>"; };
		457599A716C9E5F500FFB11E /* nevada-50.png */ = {isa = PBXFileReference; lastKnownFileType = image.png; path = "nevada-50.png"; sourceTree = "<group>"; };
		457599A816C9E5F500FFB11E /* new_hampshire-50.png */ = {isa = PBXFileReference; lastKnownFileType = image.png; path = "new_hampshire-50.png"; sourceTree = "<group>"; };
		457599A916C9E5F500FFB11E /* new_jersey-50.png */ = {isa = PBXFileReference; lastKnownFileType = image.png; path = "new_jersey-50.png"; sourceTree = "<group>"; };
		457599AA16C9E5F500FFB11E /* new_mexico-50.png */ = {isa = PBXFileReference; lastKnownFileType = image.png; path = "new_mexico-50.png"; sourceTree = "<group>"; };
		457599AB16C9E5F500FFB11E /* new_york-50.png */ = {isa = PBXFileReference; lastKnownFileType = image.png; path = "new_york-50.png"; sourceTree = "<group>"; };
		457599AC16C9E5F500FFB11E /* north_carolina-50.png */ = {isa = PBXFileReference; lastKnownFileType = image.png; path = "north_carolina-50.png"; sourceTree = "<group>"; };
		457599AD16C9E5F500FFB11E /* north_dakota-50.png */ = {isa = PBXFileReference; lastKnownFileType = image.png; path = "north_dakota-50.png"; sourceTree = "<group>"; };
		457599AE16C9E5F500FFB11E /* ohio-50.png */ = {isa = PBXFileReference; lastKnownFileType = image.png; path = "ohio-50.png"; sourceTree = "<group>"; };
		457599AF16C9E5F500FFB11E /* oklahoma-50.png */ = {isa = PBXFileReference; lastKnownFileType = image.png; path = "oklahoma-50.png"; sourceTree = "<group>"; };
		457599B016C9E5F500FFB11E /* oregon-50.png */ = {isa = PBXFileReference; lastKnownFileType = image.png; path = "oregon-50.png"; sourceTree = "<group>"; };
		457599B116C9E5F500FFB11E /* pennsylvania-50.png */ = {isa = PBXFileReference; lastKnownFileType = image.png; path = "pennsylvania-50.png"; sourceTree = "<group>"; };
		457599B216C9E5F500FFB11E /* rhode_island-50.png */ = {isa = PBXFileReference; lastKnownFileType = image.png; path = "rhode_island-50.png"; sourceTree = "<group>"; };
		457599B316C9E5F500FFB11E /* south_carolina-50.png */ = {isa = PBXFileReference; lastKnownFileType = image.png; path = "south_carolina-50.png"; sourceTree = "<group>"; };
		457599B416C9E5F500FFB11E /* south_dakota-50.png */ = {isa = PBXFileReference; lastKnownFileType = image.png; path = "south_dakota-50.png"; sourceTree = "<group>"; };
		457599B516C9E5F500FFB11E /* tennessee-50.png */ = {isa = PBXFileReference; lastKnownFileType = image.png; path = "tennessee-50.png"; sourceTree = "<group>"; };
		457599B616C9E5F500FFB11E /* texas-50.png */ = {isa = PBXFileReference; lastKnownFileType = image.png; path = "texas-50.png"; sourceTree = "<group>"; };
		457599B716C9E5F500FFB11E /* utah-50.png */ = {isa = PBXFileReference; lastKnownFileType = image.png; path = "utah-50.png"; sourceTree = "<group>"; };
		457599B816C9E5F500FFB11E /* vermont-50.png */ = {isa = PBXFileReference; lastKnownFileType = image.png; path = "vermont-50.png"; sourceTree = "<group>"; };
		457599B916C9E5F500FFB11E /* virginia-50.png */ = {isa = PBXFileReference; lastKnownFileType = image.png; path = "virginia-50.png"; sourceTree = "<group>"; };
		457599BA16C9E5F500FFB11E /* washington-50.png */ = {isa = PBXFileReference; lastKnownFileType = image.png; path = "washington-50.png"; sourceTree = "<group>"; };
		457599BB16C9E5F500FFB11E /* west_virginia-50.png */ = {isa = PBXFileReference; lastKnownFileType = image.png; path = "west_virginia-50.png"; sourceTree = "<group>"; };
		457599BC16C9E5F500FFB11E /* wisconsin-50.png */ = {isa = PBXFileReference; lastKnownFileType = image.png; path = "wisconsin-50.png"; sourceTree = "<group>"; };
		457599BD16C9E5F500FFB11E /* wyoming-50.png */ = {isa = PBXFileReference; lastKnownFileType = image.png; path = "wyoming-50.png"; sourceTree = "<group>"; };
		457599BE16C9E5F500FFB11E /* states.plist */ = {isa = PBXFileReference; fileEncoding = 4; lastKnownFileType = text.plist.xml; path = states.plist; sourceTree = "<group>"; };
/* End PBXFileReference section */

/* Begin PBXFrameworksBuildPhase section */
		4575991216C9E5DE00FFB11E /* Frameworks */ = {
			isa = PBXFrameworksBuildPhase;
			buildActionMask = 2147483647;
			files = (
				4575991916C9E5DE00FFB11E /* UIKit.framework in Frameworks */,
				4575991B16C9E5DE00FFB11E /* Foundation.framework in Frameworks */,
				4575991D16C9E5DE00FFB11E /* CoreGraphics.framework in Frameworks */,
			);
			runOnlyForDeploymentPostprocessing = 0;
		};
		4575993A16C9E5DF00FFB11E /* Frameworks */ = {
			isa = PBXFrameworksBuildPhase;
			buildActionMask = 2147483647;
			files = (
				4575994016C9E5DF00FFB11E /* SenTestingKit.framework in Frameworks */,
				4575994116C9E5DF00FFB11E /* UIKit.framework in Frameworks */,
				4575994216C9E5DF00FFB11E /* Foundation.framework in Frameworks */,
			);
			runOnlyForDeploymentPostprocessing = 0;
		};
/* End PBXFrameworksBuildPhase section */

/* Begin PBXGroup section */
		45695C6F16CB6C4600990400 /* Categories */ = {
			isa = PBXGroup;
			children = (
				45695C7016CB6C5A00990400 /* NSArray+MRDExtensions.h */,
				45695C7116CB6C5A00990400 /* NSArray+MRDExtensions.m */,
			);
			name = Categories;
			sourceTree = "<group>";
		};
		4575990C16C9E5DE00FFB11E = {
			isa = PBXGroup;
			children = (
				4575991E16C9E5DE00FFB11E /* USA_Table_View */,
				4575994516C9E5DF00FFB11E /* USA_Table_ViewTests */,
				4575991716C9E5DE00FFB11E /* Frameworks */,
				4575991616C9E5DE00FFB11E /* Products */,
			);
			sourceTree = "<group>";
		};
		4575991616C9E5DE00FFB11E /* Products */ = {
			isa = PBXGroup;
			children = (
				4575991516C9E5DE00FFB11E /* USA_Table_View.app */,
				4575993E16C9E5DF00FFB11E /* USA_Table_ViewTests.octest */,
			);
			name = Products;
			sourceTree = "<group>";
		};
		4575991716C9E5DE00FFB11E /* Frameworks */ = {
			isa = PBXGroup;
			children = (
				4575991816C9E5DE00FFB11E /* UIKit.framework */,
				4575991A16C9E5DE00FFB11E /* Foundation.framework */,
				4575991C16C9E5DE00FFB11E /* CoreGraphics.framework */,
				4575993F16C9E5DF00FFB11E /* SenTestingKit.framework */,
			);
			name = Frameworks;
			sourceTree = "<group>";
		};
		4575991E16C9E5DE00FFB11E /* USA_Table_View */ = {
			isa = PBXGroup;
			children = (
				45695C6F16CB6C4600990400 /* Categories */,
				4575992716C9E5DE00FFB11E /* MRDAppDelegate.h */,
				4575992816C9E5DE00FFB11E /* MRDAppDelegate.m */,
				45695C6416CA188E00990400 /* MRDStateData.h */,
				45695C6516CA188F00990400 /* MRDStateData.m */,
				45695C6C16CB4F5300990400 /* MRDStateFactory.h */,
				45695C6D16CB4F5300990400 /* MRDStateFactory.m */,
				45695C6716CA1E7B00990400 /* MRDStateDetailViewController.h */,
				45695C6816CA1E7B00990400 /* MRDStateDetailViewController.m */,
				45695C6916CA1E7B00990400 /* MRDStateDetailViewController.xib */,
				4575993016C9E5DF00FFB11E /* MRDStateListViewController.h */,
				4575993116C9E5DF00FFB11E /* MRDStateListViewController.m */,
				4575993316C9E5DF00FFB11E /* MRDStateListViewController.xib */,
				4575991F16C9E5DE00FFB11E /* Supporting Files */,
			);
			path = USA_Table_View;
			sourceTree = "<group>";
		};
		4575991F16C9E5DE00FFB11E /* Supporting Files */ = {
			isa = PBXGroup;
			children = (
				4575995616C9E5F500FFB11E /* states */,
				4575992016C9E5DE00FFB11E /* USA_Table_View-Info.plist */,
				4575992116C9E5DE00FFB11E /* InfoPlist.strings */,
				4575992416C9E5DE00FFB11E /* main.m */,
				4575992616C9E5DE00FFB11E /* USA_Table_View-Prefix.pch */,
				4575992A16C9E5DE00FFB11E /* Default.png */,
				4575992C16C9E5DE00FFB11E /* Default@2x.png */,
				4575992E16C9E5DF00FFB11E /* Default-568h@2x.png */,
			);
			name = "Supporting Files";
			sourceTree = "<group>";
		};
		4575994516C9E5DF00FFB11E /* USA_Table_ViewTests */ = {
			isa = PBXGroup;
			children = (
				4575994B16C9E5DF00FFB11E /* USA_Table_ViewTests.h */,
				4575994C16C9E5DF00FFB11E /* USA_Table_ViewTests.m */,
				4575994616C9E5DF00FFB11E /* Supporting Files */,
			);
			path = USA_Table_ViewTests;
			sourceTree = "<group>";
		};
		4575994616C9E5DF00FFB11E /* Supporting Files */ = {
			isa = PBXGroup;
			children = (
				4575994716C9E5DF00FFB11E /* USA_Table_ViewTests-Info.plist */,
				4575994816C9E5DF00FFB11E /* InfoPlist.strings */,
			);
			name = "Supporting Files";
			sourceTree = "<group>";
		};
		4575995616C9E5F500FFB11E /* states */ = {
			isa = PBXGroup;
			children = (
				4575995716C9E5F500FFB11E /* flags */,
				457599BE16C9E5F500FFB11E /* states.plist */,
			);
			path = states;
			sourceTree = "<group>";
		};
		4575995716C9E5F500FFB11E /* flags */ = {
			isa = PBXGroup;
			children = (
				4575995816C9E5F500FFB11E /* 200 */,
				4575998B16C9E5F500FFB11E /* 50 */,
			);
			path = flags;
			sourceTree = "<group>";
		};
		4575995816C9E5F500FFB11E /* 200 */ = {
			isa = PBXGroup;
			children = (
				4575995916C9E5F500FFB11E /* alabama-200.png */,
				4575995A16C9E5F500FFB11E /* alaska-200.png */,
				4575995B16C9E5F500FFB11E /* arizona-200.png */,
				4575995C16C9E5F500FFB11E /* arkansas-200.png */,
				4575995D16C9E5F500FFB11E /* california-200.png */,
				4575995E16C9E5F500FFB11E /* colorado-200.png */,
				4575995F16C9E5F500FFB11E /* connecticut-200.png */,
				4575996016C9E5F500FFB11E /* delaware-200.png */,
				4575996116C9E5F500FFB11E /* florida-200.png */,
				4575996216C9E5F500FFB11E /* georgia-200.png */,
				4575996316C9E5F500FFB11E /* hawaii-200.png */,
				4575996416C9E5F500FFB11E /* idaho-200.png */,
				4575996516C9E5F500FFB11E /* illinois-200.png */,
				4575996616C9E5F500FFB11E /* indiana-200.png */,
				4575996716C9E5F500FFB11E /* iowa-200.png */,
				4575996816C9E5F500FFB11E /* kansas-200.png */,
				4575996916C9E5F500FFB11E /* kentucky-200.png */,
				4575996A16C9E5F500FFB11E /* louisiana-200.png */,
				4575996B16C9E5F500FFB11E /* maine-200.png */,
				4575996C16C9E5F500FFB11E /* maryland-200.png */,
				4575996D16C9E5F500FFB11E /* massachusetts-200.png */,
				4575996E16C9E5F500FFB11E /* michigan-200.png */,
				4575996F16C9E5F500FFB11E /* minnesota-200.png */,
				4575997016C9E5F500FFB11E /* mississippi-200.png */,
				4575997116C9E5F500FFB11E /* missouri-200.png */,
				4575997216C9E5F500FFB11E /* montana-200.png */,
				4575997316C9E5F500FFB11E /* nebraska-200.png */,
				4575997416C9E5F500FFB11E /* nevada-200.png */,
				4575997516C9E5F500FFB11E /* new_hampshire-200.png */,
				4575997616C9E5F500FFB11E /* new_jersey-200.png */,
				4575997716C9E5F500FFB11E /* new_mexico-200.png */,
				4575997816C9E5F500FFB11E /* new_york-200.png */,
				4575997916C9E5F500FFB11E /* north_carolina-200.png */,
				4575997A16C9E5F500FFB11E /* north_dakota-200.png */,
				4575997B16C9E5F500FFB11E /* ohio-200.png */,
				4575997C16C9E5F500FFB11E /* oklahoma-200.png */,
				4575997D16C9E5F500FFB11E /* oregon-200.png */,
				4575997E16C9E5F500FFB11E /* pennsylvania-200.png */,
				4575997F16C9E5F500FFB11E /* rhode_island-200.png */,
				4575998016C9E5F500FFB11E /* south_carolina-200.png */,
				4575998116C9E5F500FFB11E /* south_dakota-200.png */,
				4575998216C9E5F500FFB11E /* tennessee-200.png */,
				4575998316C9E5F500FFB11E /* texas-200.png */,
				4575998416C9E5F500FFB11E /* utah-200.png */,
				4575998516C9E5F500FFB11E /* vermont-200.png */,
				4575998616C9E5F500FFB11E /* virginia-200.png */,
				4575998716C9E5F500FFB11E /* washington-200.png */,
				4575998816C9E5F500FFB11E /* west_virginia-200.png */,
				4575998916C9E5F500FFB11E /* wisconsin-200.png */,
				4575998A16C9E5F500FFB11E /* wyoming-200.png */,
			);
			path = 200;
			sourceTree = "<group>";
		};
		4575998B16C9E5F500FFB11E /* 50 */ = {
			isa = PBXGroup;
			children = (
				4575998C16C9E5F500FFB11E /* alabama-50.png */,
				4575998D16C9E5F500FFB11E /* alaska-50.png */,
				4575998E16C9E5F500FFB11E /* arizona-50.png */,
				4575998F16C9E5F500FFB11E /* arkansas-50.png */,
				4575999016C9E5F500FFB11E /* california-50.png */,
				4575999116C9E5F500FFB11E /* colorado-50.png */,
				4575999216C9E5F500FFB11E /* connecticut-50.png */,
				4575999316C9E5F500FFB11E /* delaware-50.png */,
				4575999416C9E5F500FFB11E /* florida-50.png */,
				4575999516C9E5F500FFB11E /* georgia-50.png */,
				4575999616C9E5F500FFB11E /* hawaii-50.png */,
				4575999716C9E5F500FFB11E /* idaho-50.png */,
				4575999816C9E5F500FFB11E /* illinois-50.png */,
				4575999916C9E5F500FFB11E /* indiana-50.png */,
				4575999A16C9E5F500FFB11E /* iowa-50.png */,
				4575999B16C9E5F500FFB11E /* kansas-50.png */,
				4575999C16C9E5F500FFB11E /* kentucky-50.png */,
				4575999D16C9E5F500FFB11E /* louisiana-50.png */,
				4575999E16C9E5F500FFB11E /* maine-50.png */,
				4575999F16C9E5F500FFB11E /* maryland-50.png */,
				457599A016C9E5F500FFB11E /* massachusetts-50.png */,
				457599A116C9E5F500FFB11E /* michigan-50.png */,
				457599A216C9E5F500FFB11E /* minnesota-50.png */,
				457599A316C9E5F500FFB11E /* mississippi-50.png */,
				457599A416C9E5F500FFB11E /* missouri-50.png */,
				457599A516C9E5F500FFB11E /* montana-50.png */,
				457599A616C9E5F500FFB11E /* nebraska-50.png */,
				457599A716C9E5F500FFB11E /* nevada-50.png */,
				457599A816C9E5F500FFB11E /* new_hampshire-50.png */,
				457599A916C9E5F500FFB11E /* new_jersey-50.png */,
				457599AA16C9E5F500FFB11E /* new_mexico-50.png */,
				457599AB16C9E5F500FFB11E /* new_york-50.png */,
				457599AC16C9E5F500FFB11E /* north_carolina-50.png */,
				457599AD16C9E5F500FFB11E /* north_dakota-50.png */,
				457599AE16C9E5F500FFB11E /* ohio-50.png */,
				457599AF16C9E5F500FFB11E /* oklahoma-50.png */,
				457599B016C9E5F500FFB11E /* oregon-50.png */,
				457599B116C9E5F500FFB11E /* pennsylvania-50.png */,
				457599B216C9E5F500FFB11E /* rhode_island-50.png */,
				457599B316C9E5F500FFB11E /* south_carolina-50.png */,
				457599B416C9E5F500FFB11E /* south_dakota-50.png */,
				457599B516C9E5F500FFB11E /* tennessee-50.png */,
				457599B616C9E5F500FFB11E /* texas-50.png */,
				457599B716C9E5F500FFB11E /* utah-50.png */,
				457599B816C9E5F500FFB11E /* vermont-50.png */,
				457599B916C9E5F500FFB11E /* virginia-50.png */,
				457599BA16C9E5F500FFB11E /* washington-50.png */,
				457599BB16C9E5F500FFB11E /* west_virginia-50.png */,
				457599BC16C9E5F500FFB11E /* wisconsin-50.png */,
				457599BD16C9E5F500FFB11E /* wyoming-50.png */,
			);
			path = 50;
			sourceTree = "<group>";
		};
/* End PBXGroup section */

/* Begin PBXNativeTarget section */
		4575991416C9E5DE00FFB11E /* USA_Table_View */ = {
			isa = PBXNativeTarget;
			buildConfigurationList = 4575995016C9E5DF00FFB11E /* Build configuration list for PBXNativeTarget "USA_Table_View" */;
			buildPhases = (
				4575991116C9E5DE00FFB11E /* Sources */,
				4575991216C9E5DE00FFB11E /* Frameworks */,
				4575991316C9E5DE00FFB11E /* Resources */,
			);
			buildRules = (
			);
			dependencies = (
			);
			name = USA_Table_View;
			productName = USA_Table_View;
			productReference = 4575991516C9E5DE00FFB11E /* USA_Table_View.app */;
			productType = "com.apple.product-type.application";
		};
		4575993D16C9E5DF00FFB11E /* USA_Table_ViewTests */ = {
			isa = PBXNativeTarget;
			buildConfigurationList = 4575995316C9E5DF00FFB11E /* Build configuration list for PBXNativeTarget "USA_Table_ViewTests" */;
			buildPhases = (
				4575993916C9E5DF00FFB11E /* Sources */,
				4575993A16C9E5DF00FFB11E /* Frameworks */,
				4575993B16C9E5DF00FFB11E /* Resources */,
				4575993C16C9E5DF00FFB11E /* ShellScript */,
			);
			buildRules = (
			);
			dependencies = (
				4575994416C9E5DF00FFB11E /* PBXTargetDependency */,
			);
			name = USA_Table_ViewTests;
			productName = USA_Table_ViewTests;
			productReference = 4575993E16C9E5DF00FFB11E /* USA_Table_ViewTests.octest */;
			productType = "com.apple.product-type.bundle";
		};
/* End PBXNativeTarget section */

/* Begin PBXProject section */
		4575990D16C9E5DE00FFB11E /* Project object */ = {
			isa = PBXProject;
			attributes = {
				CLASSPREFIX = MRD;
				LastUpgradeCheck = 0460;
				ORGANIZATIONNAME = "Michael Dorsey";
			};
			buildConfigurationList = 4575991016C9E5DE00FFB11E /* Build configuration list for PBXProject "USA_Table_View" */;
			compatibilityVersion = "Xcode 3.2";
			developmentRegion = English;
			hasScannedForEncodings = 0;
			knownRegions = (
				en,
			);
			mainGroup = 4575990C16C9E5DE00FFB11E;
			productRefGroup = 4575991616C9E5DE00FFB11E /* Products */;
			projectDirPath = "";
			projectRoot = "";
			targets = (
				4575991416C9E5DE00FFB11E /* USA_Table_View */,
				4575993D16C9E5DF00FFB11E /* USA_Table_ViewTests */,
			);
		};
/* End PBXProject section */

/* Begin PBXResourcesBuildPhase section */
		4575991316C9E5DE00FFB11E /* Resources */ = {
			isa = PBXResourcesBuildPhase;
			buildActionMask = 2147483647;
			files = (
				4575992316C9E5DE00FFB11E /* InfoPlist.strings in Resources */,
				4575992B16C9E5DE00FFB11E /* Default.png in Resources */,
				4575992D16C9E5DE00FFB11E /* Default@2x.png in Resources */,
				4575992F16C9E5DF00FFB11E /* Default-568h@2x.png in Resources */,
				4575993516C9E5DF00FFB11E /* MRDStateListViewController.xib in Resources */,
				457599C016C9E5F500FFB11E /* alabama-200.png in Resources */,
				457599C116C9E5F500FFB11E /* alaska-200.png in Resources */,
				457599C216C9E5F500FFB11E /* arizona-200.png in Resources */,
				457599C316C9E5F500FFB11E /* arkansas-200.png in Resources */,
				457599C416C9E5F500FFB11E /* california-200.png in Resources */,
				457599C516C9E5F500FFB11E /* colorado-200.png in Resources */,
				457599C616C9E5F500FFB11E /* connecticut-200.png in Resources */,
				457599C716C9E5F500FFB11E /* delaware-200.png in Resources */,
				457599C816C9E5F500FFB11E /* florida-200.png in Resources */,
				457599C916C9E5F500FFB11E /* georgia-200.png in Resources */,
				457599CA16C9E5F500FFB11E /* hawaii-200.png in Resources */,
				457599CB16C9E5F500FFB11E /* idaho-200.png in Resources */,
				457599CC16C9E5F500FFB11E /* illinois-200.png in Resources */,
				457599CD16C9E5F500FFB11E /* indiana-200.png in Resources */,
				457599CE16C9E5F500FFB11E /* iowa-200.png in Resources */,
				457599CF16C9E5F500FFB11E /* kansas-200.png in Resources */,
				457599D016C9E5F500FFB11E /* kentucky-200.png in Resources */,
				457599D116C9E5F500FFB11E /* louisiana-200.png in Resources */,
				457599D216C9E5F500FFB11E /* maine-200.png in Resources */,
				457599D316C9E5F500FFB11E /* maryland-200.png in Resources */,
				457599D416C9E5F500FFB11E /* massachusetts-200.png in Resources */,
				457599D516C9E5F500FFB11E /* michigan-200.png in Resources */,
				457599D616C9E5F500FFB11E /* minnesota-200.png in Resources */,
				457599D716C9E5F500FFB11E /* mississippi-200.png in Resources */,
				457599D816C9E5F500FFB11E /* missouri-200.png in Resources */,
				457599D916C9E5F500FFB11E /* montana-200.png in Resources */,
				457599DA16C9E5F500FFB11E /* nebraska-200.png in Resources */,
				457599DB16C9E5F500FFB11E /* nevada-200.png in Resources */,
				457599DC16C9E5F500FFB11E /* new_hampshire-200.png in Resources */,
				457599DD16C9E5F500FFB11E /* new_jersey-200.png in Resources */,
				457599DE16C9E5F500FFB11E /* new_mexico-200.png in Resources */,
				457599DF16C9E5F500FFB11E /* new_york-200.png in Resources */,
				457599E016C9E5F500FFB11E /* north_carolina-200.png in Resources */,
				457599E116C9E5F500FFB11E /* north_dakota-200.png in Resources */,
				457599E216C9E5F500FFB11E /* ohio-200.png in Resources */,
				457599E316C9E5F500FFB11E /* oklahoma-200.png in Resources */,
				457599E416C9E5F500FFB11E /* oregon-200.png in Resources */,
				457599E516C9E5F500FFB11E /* pennsylvania-200.png in Resources */,
				457599E616C9E5F500FFB11E /* rhode_island-200.png in Resources */,
				457599E716C9E5F500FFB11E /* south_carolina-200.png in Resources */,
				457599E816C9E5F500FFB11E /* south_dakota-200.png in Resources */,
				457599E916C9E5F500FFB11E /* tennessee-200.png in Resources */,
				457599EA16C9E5F500FFB11E /* texas-200.png in Resources */,
				457599EB16C9E5F500FFB11E /* utah-200.png in Resources */,
				457599EC16C9E5F500FFB11E /* vermont-200.png in Resources */,
				457599ED16C9E5F500FFB11E /* virginia-200.png in Resources */,
				457599EE16C9E5F500FFB11E /* washington-200.png in Resources */,
				457599EF16C9E5F500FFB11E /* west_virginia-200.png in Resources */,
				457599F016C9E5F500FFB11E /* wisconsin-200.png in Resources */,
				457599F116C9E5F500FFB11E /* wyoming-200.png in Resources */,
				457599F216C9E5F500FFB11E /* alabama-50.png in Resources */,
				457599F316C9E5F500FFB11E /* alaska-50.png in Resources */,
				457599F416C9E5F500FFB11E /* arizona-50.png in Resources */,
				457599F516C9E5F500FFB11E /* arkansas-50.png in Resources */,
				457599F616C9E5F500FFB11E /* california-50.png in Resources */,
				457599F716C9E5F500FFB11E /* colorado-50.png in Resources */,
				457599F816C9E5F500FFB11E /* connecticut-50.png in Resources */,
				457599F916C9E5F500FFB11E /* delaware-50.png in Resources */,
				457599FA16C9E5F500FFB11E /* florida-50.png in Resources */,
				457599FB16C9E5F500FFB11E /* georgia-50.png in Resources */,
				457599FC16C9E5F500FFB11E /* hawaii-50.png in Resources */,
				457599FD16C9E5F500FFB11E /* idaho-50.png in Resources */,
				457599FE16C9E5F500FFB11E /* illinois-50.png in Resources */,
				457599FF16C9E5F500FFB11E /* indiana-50.png in Resources */,
				45759A0016C9E5F500FFB11E /* iowa-50.png in Resources */,
				45759A0116C9E5F500FFB11E /* kansas-50.png in Resources */,
				45759A0216C9E5F500FFB11E /* kentucky-50.png in Resources */,
				45759A0316C9E5F500FFB11E /* louisiana-50.png in Resources */,
				45759A0416C9E5F500FFB11E /* maine-50.png in Resources */,
				45759A0516C9E5F500FFB11E /* maryland-50.png in Resources */,
				45759A0616C9E5F500FFB11E /* massachusetts-50.png in Resources */,
				45759A0716C9E5F500FFB11E /* michigan-50.png in Resources */,
				45759A0816C9E5F500FFB11E /* minnesota-50.png in Resources */,
				45759A0916C9E5F500FFB11E /* mississippi-50.png in Resources */,
				45759A0A16C9E5F500FFB11E /* missouri-50.png in Resources */,
				45759A0B16C9E5F500FFB11E /* montana-50.png in Resources */,
				45759A0C16C9E5F500FFB11E /* nebraska-50.png in Resources */,
				45759A0D16C9E5F500FFB11E /* nevada-50.png in Resources */,
				45759A0E16C9E5F500FFB11E /* new_hampshire-50.png in Resources */,
				45759A0F16C9E5F500FFB11E /* new_jersey-50.png in Resources */,
				45759A1016C9E5F500FFB11E /* new_mexico-50.png in Resources */,
				45759A1116C9E5F500FFB11E /* new_york-50.png in Resources */,
				45759A1216C9E5F500FFB11E /* north_carolina-50.png in Resources */,
				45759A1316C9E5F500FFB11E /* north_dakota-50.png in Resources */,
				45759A1416C9E5F500FFB11E /* ohio-50.png in Resources */,
				45759A1516C9E5F500FFB11E /* oklahoma-50.png in Resources */,
				45759A1616C9E5F500FFB11E /* oregon-50.png in Resources */,
				45759A1716C9E5F500FFB11E /* pennsylvania-50.png in Resources */,
				45759A1816C9E5F500FFB11E /* rhode_island-50.png in Resources */,
				45759A1916C9E5F500FFB11E /* south_carolina-50.png in Resources */,
				45759A1A16C9E5F500FFB11E /* south_dakota-50.png in Resources */,
				45759A1B16C9E5F500FFB11E /* tennessee-50.png in Resources */,
				45759A1C16C9E5F500FFB11E /* texas-50.png in Resources */,
				45759A1D16C9E5F500FFB11E /* utah-50.png in Resources */,
				45759A1E16C9E5F500FFB11E /* vermont-50.png in Resources */,
				45759A1F16C9E5F500FFB11E /* virginia-50.png in Resources */,
				45759A2016C9E5F500FFB11E /* washington-50.png in Resources */,
				45759A2116C9E5F500FFB11E /* west_virginia-50.png in Resources */,
				45759A2216C9E5F500FFB11E /* wisconsin-50.png in Resources */,
				45759A2316C9E5F500FFB11E /* wyoming-50.png in Resources */,
				45759A2416C9E5F500FFB11E /* states.plist in Resources */,
				45695C6B16CA1E7B00990400 /* MRDStateDetailViewController.xib in Resources */,
			);
			runOnlyForDeploymentPostprocessing = 0;
		};
		4575993B16C9E5DF00FFB11E /* Resources */ = {
			isa = PBXResourcesBuildPhase;
			buildActionMask = 2147483647;
			files = (
				4575994A16C9E5DF00FFB11E /* InfoPlist.strings in Resources */,
			);
			runOnlyForDeploymentPostprocessing = 0;
		};
/* End PBXResourcesBuildPhase section */

/* Begin PBXShellScriptBuildPhase section */
		4575993C16C9E5DF00FFB11E /* ShellScript */ = {
			isa = PBXShellScriptBuildPhase;
			buildActionMask = 2147483647;
			files = (
			);
			inputPaths = (
			);
			outputPaths = (
			);
			runOnlyForDeploymentPostprocessing = 0;
			shellPath = /bin/sh;
			shellScript = "# Run the unit tests in this test bundle.\n\"${SYSTEM_DEVELOPER_DIR}/Tools/RunUnitTests\"\n";
		};
/* End PBXShellScriptBuildPhase section */

/* Begin PBXSourcesBuildPhase section */
		4575991116C9E5DE00FFB11E /* Sources */ = {
			isa = PBXSourcesBuildPhase;
			buildActionMask = 2147483647;
			files = (
				4575992516C9E5DE00FFB11E /* main.m in Sources */,
				4575992916C9E5DE00FFB11E /* MRDAppDelegate.m in Sources */,
				4575993216C9E5DF00FFB11E /* MRDStateListViewController.m in Sources */,
				45695C6616CA188F00990400 /* MRDStateData.m in Sources */,
				45695C6A16CA1E7B00990400 /* MRDStateDetailViewController.m in Sources */,
				45695C6E16CB4F5300990400 /* MRDStateFactory.m in Sources */,
				45695C7216CB6C5A00990400 /* NSArray+MRDExtensions.m in Sources */,
			);
			runOnlyForDeploymentPostprocessing = 0;
		};
		4575993916C9E5DF00FFB11E /* Sources */ = {
			isa = PBXSourcesBuildPhase;
			buildActionMask = 2147483647;
			files = (
				4575994D16C9E5DF00FFB11E /* USA_Table_ViewTests.m in Sources */,
			);
			runOnlyForDeploymentPostprocessing = 0;
		};
/* End PBXSourcesBuildPhase section */

/* Begin PBXTargetDependency section */
		4575994416C9E5DF00FFB11E /* PBXTargetDependency */ = {
			isa = PBXTargetDependency;
			target = 4575991416C9E5DE00FFB11E /* USA_Table_View */;
			targetProxy = 4575994316C9E5DF00FFB11E /* PBXContainerItemProxy */;
		};
/* End PBXTargetDependency section */

/* Begin PBXVariantGroup section */
		4575992116C9E5DE00FFB11E /* InfoPlist.strings */ = {
			isa = PBXVariantGroup;
			children = (
				4575992216C9E5DE00FFB11E /* en */,
			);
			name = InfoPlist.strings;
			sourceTree = "<group>";
		};
		4575993316C9E5DF00FFB11E /* MRDStateListViewController.xib */ = {
			isa = PBXVariantGroup;
			children = (
				4575993416C9E5DF00FFB11E /* en */,
			);
			name = MRDStateListViewController.xib;
			sourceTree = "<group>";
		};
		4575994816C9E5DF00FFB11E /* InfoPlist.strings */ = {
			isa = PBXVariantGroup;
			children = (
				4575994916C9E5DF00FFB11E /* en */,
			);
			name = InfoPlist.strings;
			sourceTree = "<group>";
		};
/* End PBXVariantGroup section */

/* Begin XCBuildConfiguration section */
		4575994E16C9E5DF00FFB11E /* Debug */ = {
			isa = XCBuildConfiguration;
			buildSettings = {
				ALWAYS_SEARCH_USER_PATHS = NO;
				CLANG_CXX_LANGUAGE_STANDARD = "gnu++0x";
				CLANG_CXX_LIBRARY = "libc++";
				CLANG_ENABLE_OBJC_ARC = YES;
				CLANG_WARN_CONSTANT_CONVERSION = YES;
				CLANG_WARN_EMPTY_BODY = YES;
				CLANG_WARN_ENUM_CONVERSION = YES;
				CLANG_WARN_INT_CONVERSION = YES;
				CLANG_WARN__DUPLICATE_METHOD_MATCH = YES;
				"CODE_SIGN_IDENTITY[sdk=iphoneos*]" = "iPhone Developer";
				COPY_PHASE_STRIP = NO;
				GCC_C_LANGUAGE_STANDARD = gnu99;
				GCC_DYNAMIC_NO_PIC = NO;
				GCC_OPTIMIZATION_LEVEL = 0;
				GCC_PREPROCESSOR_DEFINITIONS = (
					"DEBUG=1",
					"$(inherited)",
				);
				GCC_SYMBOLS_PRIVATE_EXTERN = NO;
				GCC_WARN_ABOUT_RETURN_TYPE = YES;
				GCC_WARN_UNINITIALIZED_AUTOS = YES;
				GCC_WARN_UNUSED_VARIABLE = YES;
				IPHONEOS_DEPLOYMENT_TARGET = 6.1;
				ONLY_ACTIVE_ARCH = YES;
				SDKROOT = iphoneos;
				TARGETED_DEVICE_FAMILY = "1,2";
			};
			name = Debug;
		};
		4575994F16C9E5DF00FFB11E /* Release */ = {
			isa = XCBuildConfiguration;
			buildSettings = {
				ALWAYS_SEARCH_USER_PATHS = NO;
				CLANG_CXX_LANGUAGE_STANDARD = "gnu++0x";
				CLANG_CXX_LIBRARY = "libc++";
				CLANG_ENABLE_OBJC_ARC = YES;
				CLANG_WARN_CONSTANT_CONVERSION = YES;
				CLANG_WARN_EMPTY_BODY = YES;
				CLANG_WARN_ENUM_CONVERSION = YES;
				CLANG_WARN_INT_CONVERSION = YES;
				CLANG_WARN__DUPLICATE_METHOD_MATCH = YES;
				"CODE_SIGN_IDENTITY[sdk=iphoneos*]" = "iPhone Developer";
				COPY_PHASE_STRIP = YES;
				GCC_C_LANGUAGE_STANDARD = gnu99;
				GCC_WARN_ABOUT_RETURN_TYPE = YES;
				GCC_WARN_UNINITIALIZED_AUTOS = YES;
				GCC_WARN_UNUSED_VARIABLE = YES;
				IPHONEOS_DEPLOYMENT_TARGET = 6.1;
				OTHER_CFLAGS = "-DNS_BLOCK_ASSERTIONS=1";
				SDKROOT = iphoneos;
				TARGETED_DEVICE_FAMILY = "1,2";
				VALIDATE_PRODUCT = YES;
			};
			name = Release;
		};
		4575995116C9E5DF00FFB11E /* Debug */ = {
			isa = XCBuildConfiguration;
			buildSettings = {
				GCC_PRECOMPILE_PREFIX_HEADER = YES;
				GCC_PREFIX_HEADER = "USA_Table_View/USA_Table_View-Prefix.pch";
				INFOPLIST_FILE = "USA_Table_View/USA_Table_View-Info.plist";
				PRODUCT_NAME = "$(TARGET_NAME)";
				WRAPPER_EXTENSION = app;
			};
			name = Debug;
		};
		4575995216C9E5DF00FFB11E /* Release */ = {
			isa = XCBuildConfiguration;
			buildSettings = {
				GCC_PRECOMPILE_PREFIX_HEADER = YES;
				GCC_PREFIX_HEADER = "USA_Table_View/USA_Table_View-Prefix.pch";
				INFOPLIST_FILE = "USA_Table_View/USA_Table_View-Info.plist";
				PRODUCT_NAME = "$(TARGET_NAME)";
				WRAPPER_EXTENSION = app;
			};
			name = Release;
		};
		4575995416C9E5DF00FFB11E /* Debug */ = {
			isa = XCBuildConfiguration;
			buildSettings = {
				BUNDLE_LOADER = "$(BUILT_PRODUCTS_DIR)/USA_Table_View.app/USA_Table_View";
				FRAMEWORK_SEARCH_PATHS = (
					"\"$(SDKROOT)/Developer/Library/Frameworks\"",
					"\"$(DEVELOPER_LIBRARY_DIR)/Frameworks\"",
				);
				GCC_PRECOMPILE_PREFIX_HEADER = YES;
				GCC_PREFIX_HEADER = "USA_Table_View/USA_Table_View-Prefix.pch";
				INFOPLIST_FILE = "USA_Table_ViewTests/USA_Table_ViewTests-Info.plist";
				PRODUCT_NAME = "$(TARGET_NAME)";
				TEST_HOST = "$(BUNDLE_LOADER)";
				WRAPPER_EXTENSION = octest;
			};
			name = Debug;
		};
		4575995516C9E5DF00FFB11E /* Release */ = {
			isa = XCBuildConfiguration;
			buildSettings = {
				BUNDLE_LOADER = "$(BUILT_PRODUCTS_DIR)/USA_Table_View.app/USA_Table_View";
				FRAMEWORK_SEARCH_PATHS = (
					"\"$(SDKROOT)/Developer/Library/Frameworks\"",
					"\"$(DEVELOPER_LIBRARY_DIR)/Frameworks\"",
				);
				GCC_PRECOMPILE_PREFIX_HEADER = YES;
				GCC_PREFIX_HEADER = "USA_Table_View/USA_Table_View-Prefix.pch";
				INFOPLIST_FILE = "USA_Table_ViewTests/USA_Table_ViewTests-Info.plist";
				PRODUCT_NAME = "$(TARGET_NAME)";
				TEST_HOST = "$(BUNDLE_LOADER)";
				WRAPPER_EXTENSION = octest;
			};
			name = Release;
		};
/* End XCBuildConfiguration section */

/* Begin XCConfigurationList section */
		4575991016C9E5DE00FFB11E /* Build configuration list for PBXProject "USA_Table_View" */ = {
			isa = XCConfigurationList;
			buildConfigurations = (
				4575994E16C9E5DF00FFB11E /* Debug */,
				4575994F16C9E5DF00FFB11E /* Release */,
			);
			defaultConfigurationIsVisible = 0;
			defaultConfigurationName = Release;
		};
		4575995016C9E5DF00FFB11E /* Build configuration list for PBXNativeTarget "USA_Table_View" */ = {
			isa = XCConfigurationList;
			buildConfigurations = (
				4575995116C9E5DF00FFB11E /* Debug */,
				4575995216C9E5DF00FFB11E /* Release */,
			);
			defaultConfigurationIsVisible = 0;
			defaultConfigurationName = Release;
		};
		4575995316C9E5DF00FFB11E /* Build configuration list for PBXNativeTarget "USA_Table_ViewTests" */ = {
			isa = XCConfigurationList;
			buildConfigurations = (
				4575995416C9E5DF00FFB11E /* Debug */,
				4575995516C9E5DF00FFB11E /* Release */,
			);
			defaultConfigurationIsVisible = 0;
			defaultConfigurationName = Release;
		};
/* End XCConfigurationList section */
	};
	rootObject = 4575990D16C9E5DE00FFB11E /* Project object */;
}
